
Microsoft Visual Studio Solution File, Format Version 12.00
# Visual Studio Version 17
VisualStudioVersion = 17.9.34723.18
MinimumVisualStudioVersion = 10.0.40219.1
Project("{9A19103F-16F7-4668-BE54-9A1E7A4F7556}") = "Mental_Health_App", "Gmail Test\Mental_Health_App.csproj", "{FD4B0CB8-E815-44BC-BD76-C2396F205267}"
EndProject
Global
	GlobalSection(SolutionConfigurationPlatforms) = preSolution
		Debug|Any CPU = Debug|Any CPU
		Release|Any CPU = Release|Any CPU
	EndGlobalSection
	GlobalSection(ProjectConfigurationPlatforms) = postSolution
		{FD4B0CB8-E815-44BC-BD76-C2396F205267}.Debug|Any CPU.ActiveCfg = Debug|Any CPU
		{FD4B0CB8-E815-44BC-BD76-C2396F205267}.Debug|Any CPU.Build.0 = Debug|Any CPU
		{FD4B0CB8-E815-44BC-BD76-C2396F205267}.Release|Any CPU.ActiveCfg = Release|Any CPU
		{FD4B0CB8-E815-44BC-BD76-C2396F205267}.Release|Any CPU.Build.0 = Release|Any CPU
	EndGlobalSection
	GlobalSection(SolutionProperties) = preSolution
		HideSolutionNode = FALSE
	EndGlobalSection
	GlobalSection(ExtensibilityGlobals) = postSolution
		SolutionGuid = {26D8C94B-DAD4-452C-9155-DDD169784D52}
	EndGlobalSection
EndGlobal
